
Microsoft Visual Studio Solution File, Format Version 12.00
# Visual Studio Version 17
VisualStudioVersion = 17.5.33209.295
MinimumVisualStudioVersion = 10.0.40219.1
Project("{9A19103F-16F7-4668-BE54-9A1E7A4F7556}") = "Save the Humans", "Chapter2\Save the Humans\Save the Humans.csproj", "{35346F09-1D95-4FE3-871F-8EE0E2ECA4E9}"
EndProject
Project("{9A19103F-16F7-4668-BE54-9A1E7A4F7556}") = "Chapter2IfElsePractice", "Chapter2\Chapter2IfElsePractice\Chapter2IfElsePractice.csproj", "{CDCF7461-12BC-4166-936C-A8A460435398}"
EndProject
Project("{9A19103F-16F7-4668-BE54-9A1E7A4F7556}") = "Chapter2_AnimatingWinFormsApps", "Chapter2\Chapter2_AnimatingWinFormsApps\Chapter2_AnimatingWinFormsApps.csproj", "{4794B69E-1B70-455E-A091-474D8061B87F}"
EndProject
Project("{9A19103F-16F7-4668-BE54-9A1E7A4F7556}") = "Chapter3_example1", "Chapter3\Chapter3_example1\Chapter3_example1.csproj", "{AAFB9607-8FC9-44B6-BE09-3DCC8825E123}"
EndProject
Project("{9A19103F-16F7-4668-BE54-9A1E7A4F7556}") = "Chapter3_Guys", "Chapter3\Chapter3_Guys\Chapter3_Guys.csproj", "{A246AE16-25CD-4FBC-AD2C-FDFE91435F3D}"
EndProject
Project("{2150E333-8FDC-42A3-9474-1A3956D46DE8}") = "Solution Items", "Solution Items", "{819F4F5D-EFC7-433E-B06B-515FC1665ACC}"
	ProjectSection(SolutionItems) = preProject
		.editorconfig = .editorconfig
		README.md = README.md
	EndProjectSection
EndProject
Project("{2150E333-8FDC-42A3-9474-1A3956D46DE8}") = "Chapter 4", "Chapter 4", "{76803B98-FD00-4606-8C8D-A4C877FF450C}"
EndProject
Project("{9A19103F-16F7-4668-BE54-9A1E7A4F7556}") = "CastingExample", "Chapter4\CastingExample\CastingExample.csproj", "{BA077D6B-AFAF-49D6-935A-B552822BF380}"
EndProject
Project("{9A19103F-16F7-4668-BE54-9A1E7A4F7556}") = "Reimbursement calculator", "Chapter4\Reimbursement calculator\Reimbursement calculator.csproj", "{16D56E66-9B1C-4517-923E-A95ABBA730AF}"
EndProject
Project("{2150E333-8FDC-42A3-9474-1A3956D46DE8}") = "Chapter 3", "Chapter 3", "{0181DAD4-781C-420A-A79C-79DDF6789B67}"
EndProject
Project("{2150E333-8FDC-42A3-9474-1A3956D46DE8}") = "Chapter 2", "Chapter 2", "{44B999C3-4635-477B-932D-1270FE8B9ECA}"
EndProject
Project("{9A19103F-16F7-4668-BE54-9A1E7A4F7556}") = "Racetrack Simulator", "Chapter4\Racetrack Simulator\Racetrack Simulator.csproj", "{F1B4668D-D2A1-4CE4-9EBC-4F8FB9B6FED5}"
EndProject
Project("{2150E333-8FDC-42A3-9474-1A3956D46DE8}") = "Chapter 5-6", "Chapter 5-6", "{9FAE03F9-C748-484C-95EC-BF89C0C858DC}"
EndProject
Project("{9A19103F-16F7-4668-BE54-9A1E7A4F7556}") = "PartyEstimator", "Chapter5-6\DinnerPartyEstimator\PartyEstimator.csproj", "{6094A0C1-9B71-43B8-8D50-6D98177E0713}"
EndProject
Project("{2150E333-8FDC-42A3-9474-1A3956D46DE8}") = "Chapter 7", "Chapter 7", "{86B55E3C-BD52-4C6A-A915-74DB50EF8B96}"
EndProject
Project("{9A19103F-16F7-4668-BE54-9A1E7A4F7556}") = "House", "Chapter7_House\House\House.csproj", "{F423195F-0F50-4A5F-BFD3-5056EFDF1807}"
EndProject
Project("{2150E333-8FDC-42A3-9474-1A3956D46DE8}") = "Chapter 6-7 Beehive", "Chapter 6-7 Beehive", "{3250F341-5A61-4032-85B0-872E0F1ACC96}"
EndProject
Project("{9A19103F-16F7-4668-BE54-9A1E7A4F7556}") = "Beehive", "Chapter6-7_Beehive\Beehive\Beehive.csproj", "{EDF3D5FE-534E-47BD-B583-2501D82400C2}"
EndProject
Project("{9A19103F-16F7-4668-BE54-9A1E7A4F7556}") = "Beehive with inheritance", "Chapter6-7_Beehive\Beehive with inheritance\Beehive with inheritance\Beehive with inheritance.csproj", "{A867F6F4-91E3-4051-9C40-DFC228C06CEE}"
EndProject
Project("{9A19103F-16F7-4668-BE54-9A1E7A4F7556}") = "Beehive with interfaces", "Chapter6-7_Beehive\Beehive with interfaces\Beehive with interfaces\Beehive with interfaces.csproj", "{4A94808F-DE46-4EE1-B15A-B78EFB90A9ED}"
EndProject
Project("{9A19103F-16F7-4668-BE54-9A1E7A4F7556}") = "HitTheKeys", "Chapter4\HitTheKeys\HitTheKeys.csproj", "{10CC2A3D-DEBB-4381-8475-CB959FA9E322}"
EndProject
Project("{2150E333-8FDC-42A3-9474-1A3956D46DE8}") = "Chapter 9", "Chapter 9", "{4C619A79-F062-4927-8E0C-3FF0D6F041E8}"
EndProject
Project("{9A19103F-16F7-4668-BE54-9A1E7A4F7556}") = "LinqTest", "Chapter9\LinqTest\LinqTest\LinqTest.csproj", "{E6FDD1E5-FA23-49ED-915F-12D98438F393}"
EndProject
Project("{9A19103F-16F7-4668-BE54-9A1E7A4F7556}") = "Comics", "Chapter9\Comics\Comics\Comics.csproj", "{92D23409-E458-488F-B82F-CB48C27D3745}"
EndProject
Project("{2150E333-8FDC-42A3-9474-1A3956D46DE8}") = "Chapter 8", "Chapter 8", "{F7CA10CB-6BFE-43EE-A334-12E3BA38BFBC}"
EndProject
Project("{9A19103F-16F7-4668-BE54-9A1E7A4F7556}") = "ListOfDucks", "Chapter8\EnumsAndCollections\ListOfDucks.csproj", "{DF0BB941-29AE-40B1-8092-AD6A13175D5B}"
EndProject
Project("{9A19103F-16F7-4668-BE54-9A1E7A4F7556}") = "CardLinq", "Chapter9\CardLinq\CardLinq.csproj", "{6EE2C0D3-B71B-41A3-8F9E-0F692B4DA4F0}"
EndProject
Project("{9A19103F-16F7-4668-BE54-9A1E7A4F7556}") = "Covariance", "Chapter8\Covariance\Covariance\Covariance.csproj", "{DEE574D6-F2EC-400B-A679-DC72FC301173}"
EndProject
Project("{9A19103F-16F7-4668-BE54-9A1E7A4F7556}") = "Decks of cards", "Chapter8\Decks of cards\Decks of cards\Decks of cards.csproj", "{58ACE4C1-1482-49C4-A266-E4E97509C422}"
EndProject
Project("{9A19103F-16F7-4668-BE54-9A1E7A4F7556}") = "JimmyLinq", "Chapter9\JimmyLinq\JimmyLinq\JimmyLinq.csproj", "{E9ABD5EB-9D1B-4A0F-8B42-9BED07BAB080}"
EndProject
Project("{2150E333-8FDC-42A3-9474-1A3956D46DE8}") = "Chapter 11", "Chapter 11", "{A45B8408-B9B1-4415-8649-09C71A9AF95D}"
EndProject
Project("{9A19103F-16F7-4668-BE54-9A1E7A4F7556}") = "OutModifier", "Chapter11\OutModifier\OutModifier.csproj", "{3CC58F7D-AB8E-4193-849D-37B63BEC047C}"
EndProject
Project("{9A19103F-16F7-4668-BE54-9A1E7A4F7556}") = "Chapter 11 examples", "Chapter11\Chapter 11 examples\Chapter 11 examples.csproj", "{80E14248-CD74-4191-80CB-BA6ABCAC5BF6}"
EndProject
Project("{9A19103F-16F7-4668-BE54-9A1E7A4F7556}") = "ExtentionMethodsExample", "Chapter11\ExtentionMethodsExample\ExtentionMethodsExample.csproj", "{6D113721-B1DE-4A12-ABB1-F7014BF09F6B}"
EndProject
Project("{9A19103F-16F7-4668-BE54-9A1E7A4F7556}") = "ExtendingAFundamentalType", "Chapter11\ExtendingAFundamentalType\ExtendingAFundamentalType.csproj", "{FC143F7C-77AD-402A-94E0-83724643DFCC}"
EndProject
Project("{9A19103F-16F7-4668-BE54-9A1E7A4F7556}") = "Shoes", "Chapter8\Shoes\Shoes\Shoes.csproj", "{3AA12ED5-359C-4138-AD8A-35D314A2C094}"
EndProject
Project("{9A19103F-16F7-4668-BE54-9A1E7A4F7556}") = "ListOfCardsExercise", "Chapter8\ListOfCardsExercise\ListOfCardsExercise\ListOfCardsExercise.csproj", "{F5ECDC6E-342F-497C-8A14-527CDDF64F42}"
EndProject
Project("{9A19103F-16F7-4668-BE54-9A1E7A4F7556}") = "Deferred Evaluation Example", "Chapter9\Deferred Evaluation Example\Deferred Evaluation Example\Deferred Evaluation Example.csproj", "{F56224B2-DC52-4EAE-AAB5-E4CC31C1F49E}"
EndProject
Project("{9A19103F-16F7-4668-BE54-9A1E7A4F7556}") = "JimmyLinqUnitTests", "Chapter9\JimmyLinqUnitTests\JimmyLinqUnitTests\JimmyLinqUnitTests.csproj", "{DD587FDC-BC0A-486F-903A-EB08ACA95D1F}"
EndProject
Project("{9A19103F-16F7-4668-BE54-9A1E7A4F7556}") = "Enumerable Sequence", "Chapter9\Enumerable Sequence\Enumerable Sequence\Enumerable Sequence.csproj", "{DF6D8FAF-7768-4D87-A62A-7E7F4A1A0F83}"
EndProject
Project("{2150E333-8FDC-42A3-9474-1A3956D46DE8}") = "Chapter 10", "Chapter 10", "{17A9F4DB-038C-4181-96DE-69E459BD8595}"
EndProject
Project("{9A19103F-16F7-4668-BE54-9A1E7A4F7556}") = "Swindler's diabolical plan", "Chapter 10\Swindler's diabolical plan\Swindler's diabolical plan.csproj", "{6DD06CE0-ACC3-408E-B032-90783C9A20A2}"
EndProject
Project("{9A19103F-16F7-4668-BE54-9A1E7A4F7556}") = "SleuthItOutMemoryStream", "Chapter 10\SleuthItOutMemoryStream\SleuthItOutMemoryStream\SleuthItOutMemoryStream.csproj", "{EF475DD3-BC12-48E4-9CEC-3DB1B571AE85}"
EndProject
Project("{FAE04EC0-301F-11D3-BF4B-00C04F79EFBC}") = "JSONSerialization", "Chapter 10\JSONSerialization\JSONSerialization\JSONSerialization.csproj", "{9F664EBE-59CC-4463-A0D6-C00F04283D0E}"
EndProject
Global
	GlobalSection(SolutionConfigurationPlatforms) = preSolution
		Debug|Any CPU = Debug|Any CPU
		Release|Any CPU = Release|Any CPU
	EndGlobalSection
	GlobalSection(ProjectConfigurationPlatforms) = postSolution
		{35346F09-1D95-4FE3-871F-8EE0E2ECA4E9}.Debug|Any CPU.ActiveCfg = Debug|Any CPU
		{35346F09-1D95-4FE3-871F-8EE0E2ECA4E9}.Debug|Any CPU.Build.0 = Debug|Any CPU
		{35346F09-1D95-4FE3-871F-8EE0E2ECA4E9}.Release|Any CPU.ActiveCfg = Release|Any CPU
		{35346F09-1D95-4FE3-871F-8EE0E2ECA4E9}.Release|Any CPU.Build.0 = Release|Any CPU
		{CDCF7461-12BC-4166-936C-A8A460435398}.Debug|Any CPU.ActiveCfg = Debug|Any CPU
		{CDCF7461-12BC-4166-936C-A8A460435398}.Debug|Any CPU.Build.0 = Debug|Any CPU
		{CDCF7461-12BC-4166-936C-A8A460435398}.Release|Any CPU.ActiveCfg = Release|Any CPU
		{CDCF7461-12BC-4166-936C-A8A460435398}.Release|Any CPU.Build.0 = Release|Any CPU
		{4794B69E-1B70-455E-A091-474D8061B87F}.Debug|Any CPU.ActiveCfg = Debug|Any CPU
		{4794B69E-1B70-455E-A091-474D8061B87F}.Debug|Any CPU.Build.0 = Debug|Any CPU
		{4794B69E-1B70-455E-A091-474D8061B87F}.Release|Any CPU.ActiveCfg = Release|Any CPU
		{4794B69E-1B70-455E-A091-474D8061B87F}.Release|Any CPU.Build.0 = Release|Any CPU
		{AAFB9607-8FC9-44B6-BE09-3DCC8825E123}.Debug|Any CPU.ActiveCfg = Debug|Any CPU
		{AAFB9607-8FC9-44B6-BE09-3DCC8825E123}.Debug|Any CPU.Build.0 = Debug|Any CPU
		{AAFB9607-8FC9-44B6-BE09-3DCC8825E123}.Release|Any CPU.ActiveCfg = Release|Any CPU
		{AAFB9607-8FC9-44B6-BE09-3DCC8825E123}.Release|Any CPU.Build.0 = Release|Any CPU
		{A246AE16-25CD-4FBC-AD2C-FDFE91435F3D}.Debug|Any CPU.ActiveCfg = Debug|Any CPU
		{A246AE16-25CD-4FBC-AD2C-FDFE91435F3D}.Debug|Any CPU.Build.0 = Debug|Any CPU
		{A246AE16-25CD-4FBC-AD2C-FDFE91435F3D}.Release|Any CPU.ActiveCfg = Release|Any CPU
		{A246AE16-25CD-4FBC-AD2C-FDFE91435F3D}.Release|Any CPU.Build.0 = Release|Any CPU
		{BA077D6B-AFAF-49D6-935A-B552822BF380}.Debug|Any CPU.ActiveCfg = Debug|Any CPU
		{BA077D6B-AFAF-49D6-935A-B552822BF380}.Debug|Any CPU.Build.0 = Debug|Any CPU
		{BA077D6B-AFAF-49D6-935A-B552822BF380}.Release|Any CPU.ActiveCfg = Release|Any CPU
		{BA077D6B-AFAF-49D6-935A-B552822BF380}.Release|Any CPU.Build.0 = Release|Any CPU
		{16D56E66-9B1C-4517-923E-A95ABBA730AF}.Debug|Any CPU.ActiveCfg = Debug|Any CPU
		{16D56E66-9B1C-4517-923E-A95ABBA730AF}.Debug|Any CPU.Build.0 = Debug|Any CPU
		{16D56E66-9B1C-4517-923E-A95ABBA730AF}.Release|Any CPU.ActiveCfg = Release|Any CPU
		{16D56E66-9B1C-4517-923E-A95ABBA730AF}.Release|Any CPU.Build.0 = Release|Any CPU
		{F1B4668D-D2A1-4CE4-9EBC-4F8FB9B6FED5}.Debug|Any CPU.ActiveCfg = Debug|Any CPU
		{F1B4668D-D2A1-4CE4-9EBC-4F8FB9B6FED5}.Debug|Any CPU.Build.0 = Debug|Any CPU
		{F1B4668D-D2A1-4CE4-9EBC-4F8FB9B6FED5}.Release|Any CPU.ActiveCfg = Release|Any CPU
		{F1B4668D-D2A1-4CE4-9EBC-4F8FB9B6FED5}.Release|Any CPU.Build.0 = Release|Any CPU
		{6094A0C1-9B71-43B8-8D50-6D98177E0713}.Debug|Any CPU.ActiveCfg = Debug|Any CPU
		{6094A0C1-9B71-43B8-8D50-6D98177E0713}.Debug|Any CPU.Build.0 = Debug|Any CPU
		{6094A0C1-9B71-43B8-8D50-6D98177E0713}.Release|Any CPU.ActiveCfg = Release|Any CPU
		{6094A0C1-9B71-43B8-8D50-6D98177E0713}.Release|Any CPU.Build.0 = Release|Any CPU
		{F423195F-0F50-4A5F-BFD3-5056EFDF1807}.Debug|Any CPU.ActiveCfg = Debug|Any CPU
		{F423195F-0F50-4A5F-BFD3-5056EFDF1807}.Debug|Any CPU.Build.0 = Debug|Any CPU
		{F423195F-0F50-4A5F-BFD3-5056EFDF1807}.Release|Any CPU.ActiveCfg = Release|Any CPU
		{F423195F-0F50-4A5F-BFD3-5056EFDF1807}.Release|Any CPU.Build.0 = Release|Any CPU
		{EDF3D5FE-534E-47BD-B583-2501D82400C2}.Debug|Any CPU.ActiveCfg = Debug|Any CPU
		{EDF3D5FE-534E-47BD-B583-2501D82400C2}.Debug|Any CPU.Build.0 = Debug|Any CPU
		{EDF3D5FE-534E-47BD-B583-2501D82400C2}.Release|Any CPU.ActiveCfg = Release|Any CPU
		{EDF3D5FE-534E-47BD-B583-2501D82400C2}.Release|Any CPU.Build.0 = Release|Any CPU
		{A867F6F4-91E3-4051-9C40-DFC228C06CEE}.Debug|Any CPU.ActiveCfg = Debug|Any CPU
		{A867F6F4-91E3-4051-9C40-DFC228C06CEE}.Debug|Any CPU.Build.0 = Debug|Any CPU
		{A867F6F4-91E3-4051-9C40-DFC228C06CEE}.Release|Any CPU.ActiveCfg = Release|Any CPU
		{A867F6F4-91E3-4051-9C40-DFC228C06CEE}.Release|Any CPU.Build.0 = Release|Any CPU
		{4A94808F-DE46-4EE1-B15A-B78EFB90A9ED}.Debug|Any CPU.ActiveCfg = Debug|Any CPU
		{4A94808F-DE46-4EE1-B15A-B78EFB90A9ED}.Debug|Any CPU.Build.0 = Debug|Any CPU
		{4A94808F-DE46-4EE1-B15A-B78EFB90A9ED}.Release|Any CPU.ActiveCfg = Release|Any CPU
		{4A94808F-DE46-4EE1-B15A-B78EFB90A9ED}.Release|Any CPU.Build.0 = Release|Any CPU
		{10CC2A3D-DEBB-4381-8475-CB959FA9E322}.Debug|Any CPU.ActiveCfg = Debug|Any CPU
		{10CC2A3D-DEBB-4381-8475-CB959FA9E322}.Debug|Any CPU.Build.0 = Debug|Any CPU
		{10CC2A3D-DEBB-4381-8475-CB959FA9E322}.Release|Any CPU.ActiveCfg = Release|Any CPU
		{10CC2A3D-DEBB-4381-8475-CB959FA9E322}.Release|Any CPU.Build.0 = Release|Any CPU
		{E6FDD1E5-FA23-49ED-915F-12D98438F393}.Debug|Any CPU.ActiveCfg = Debug|Any CPU
		{E6FDD1E5-FA23-49ED-915F-12D98438F393}.Debug|Any CPU.Build.0 = Debug|Any CPU
		{E6FDD1E5-FA23-49ED-915F-12D98438F393}.Release|Any CPU.ActiveCfg = Release|Any CPU
		{E6FDD1E5-FA23-49ED-915F-12D98438F393}.Release|Any CPU.Build.0 = Release|Any CPU
		{92D23409-E458-488F-B82F-CB48C27D3745}.Debug|Any CPU.ActiveCfg = Debug|Any CPU
		{92D23409-E458-488F-B82F-CB48C27D3745}.Debug|Any CPU.Build.0 = Debug|Any CPU
		{92D23409-E458-488F-B82F-CB48C27D3745}.Release|Any CPU.ActiveCfg = Release|Any CPU
		{92D23409-E458-488F-B82F-CB48C27D3745}.Release|Any CPU.Build.0 = Release|Any CPU
		{DF0BB941-29AE-40B1-8092-AD6A13175D5B}.Debug|Any CPU.ActiveCfg = Debug|Any CPU
		{DF0BB941-29AE-40B1-8092-AD6A13175D5B}.Debug|Any CPU.Build.0 = Debug|Any CPU
		{DF0BB941-29AE-40B1-8092-AD6A13175D5B}.Release|Any CPU.ActiveCfg = Release|Any CPU
		{DF0BB941-29AE-40B1-8092-AD6A13175D5B}.Release|Any CPU.Build.0 = Release|Any CPU
		{6EE2C0D3-B71B-41A3-8F9E-0F692B4DA4F0}.Debug|Any CPU.ActiveCfg = Debug|Any CPU
		{6EE2C0D3-B71B-41A3-8F9E-0F692B4DA4F0}.Debug|Any CPU.Build.0 = Debug|Any CPU
		{6EE2C0D3-B71B-41A3-8F9E-0F692B4DA4F0}.Release|Any CPU.ActiveCfg = Release|Any CPU
		{6EE2C0D3-B71B-41A3-8F9E-0F692B4DA4F0}.Release|Any CPU.Build.0 = Release|Any CPU
		{DEE574D6-F2EC-400B-A679-DC72FC301173}.Debug|Any CPU.ActiveCfg = Debug|Any CPU
		{DEE574D6-F2EC-400B-A679-DC72FC301173}.Debug|Any CPU.Build.0 = Debug|Any CPU
		{DEE574D6-F2EC-400B-A679-DC72FC301173}.Release|Any CPU.ActiveCfg = Release|Any CPU
		{DEE574D6-F2EC-400B-A679-DC72FC301173}.Release|Any CPU.Build.0 = Release|Any CPU
		{58ACE4C1-1482-49C4-A266-E4E97509C422}.Debug|Any CPU.ActiveCfg = Debug|Any CPU
		{58ACE4C1-1482-49C4-A266-E4E97509C422}.Debug|Any CPU.Build.0 = Debug|Any CPU
		{58ACE4C1-1482-49C4-A266-E4E97509C422}.Release|Any CPU.ActiveCfg = Release|Any CPU
		{58ACE4C1-1482-49C4-A266-E4E97509C422}.Release|Any CPU.Build.0 = Release|Any CPU
		{E9ABD5EB-9D1B-4A0F-8B42-9BED07BAB080}.Debug|Any CPU.ActiveCfg = Debug|Any CPU
		{E9ABD5EB-9D1B-4A0F-8B42-9BED07BAB080}.Debug|Any CPU.Build.0 = Debug|Any CPU
		{E9ABD5EB-9D1B-4A0F-8B42-9BED07BAB080}.Release|Any CPU.ActiveCfg = Release|Any CPU
		{E9ABD5EB-9D1B-4A0F-8B42-9BED07BAB080}.Release|Any CPU.Build.0 = Release|Any CPU
		{3CC58F7D-AB8E-4193-849D-37B63BEC047C}.Debug|Any CPU.ActiveCfg = Debug|Any CPU
		{3CC58F7D-AB8E-4193-849D-37B63BEC047C}.Debug|Any CPU.Build.0 = Debug|Any CPU
		{3CC58F7D-AB8E-4193-849D-37B63BEC047C}.Release|Any CPU.ActiveCfg = Release|Any CPU
		{3CC58F7D-AB8E-4193-849D-37B63BEC047C}.Release|Any CPU.Build.0 = Release|Any CPU
		{80E14248-CD74-4191-80CB-BA6ABCAC5BF6}.Debug|Any CPU.ActiveCfg = Debug|Any CPU
		{80E14248-CD74-4191-80CB-BA6ABCAC5BF6}.Debug|Any CPU.Build.0 = Debug|Any CPU
		{80E14248-CD74-4191-80CB-BA6ABCAC5BF6}.Release|Any CPU.ActiveCfg = Release|Any CPU
		{80E14248-CD74-4191-80CB-BA6ABCAC5BF6}.Release|Any CPU.Build.0 = Release|Any CPU
		{6D113721-B1DE-4A12-ABB1-F7014BF09F6B}.Debug|Any CPU.ActiveCfg = Debug|Any CPU
		{6D113721-B1DE-4A12-ABB1-F7014BF09F6B}.Debug|Any CPU.Build.0 = Debug|Any CPU
		{6D113721-B1DE-4A12-ABB1-F7014BF09F6B}.Release|Any CPU.ActiveCfg = Release|Any CPU
		{6D113721-B1DE-4A12-ABB1-F7014BF09F6B}.Release|Any CPU.Build.0 = Release|Any CPU
		{FC143F7C-77AD-402A-94E0-83724643DFCC}.Debug|Any CPU.ActiveCfg = Debug|Any CPU
		{FC143F7C-77AD-402A-94E0-83724643DFCC}.Debug|Any CPU.Build.0 = Debug|Any CPU
		{FC143F7C-77AD-402A-94E0-83724643DFCC}.Release|Any CPU.ActiveCfg = Release|Any CPU
		{FC143F7C-77AD-402A-94E0-83724643DFCC}.Release|Any CPU.Build.0 = Release|Any CPU
		{3AA12ED5-359C-4138-AD8A-35D314A2C094}.Debug|Any CPU.ActiveCfg = Debug|Any CPU
		{3AA12ED5-359C-4138-AD8A-35D314A2C094}.Debug|Any CPU.Build.0 = Debug|Any CPU
		{3AA12ED5-359C-4138-AD8A-35D314A2C094}.Release|Any CPU.ActiveCfg = Release|Any CPU
		{3AA12ED5-359C-4138-AD8A-35D314A2C094}.Release|Any CPU.Build.0 = Release|Any CPU
		{F5ECDC6E-342F-497C-8A14-527CDDF64F42}.Debug|Any CPU.ActiveCfg = Debug|Any CPU
		{F5ECDC6E-342F-497C-8A14-527CDDF64F42}.Debug|Any CPU.Build.0 = Debug|Any CPU
		{F5ECDC6E-342F-497C-8A14-527CDDF64F42}.Release|Any CPU.ActiveCfg = Release|Any CPU
		{F5ECDC6E-342F-497C-8A14-527CDDF64F42}.Release|Any CPU.Build.0 = Release|Any CPU
		{F56224B2-DC52-4EAE-AAB5-E4CC31C1F49E}.Debug|Any CPU.ActiveCfg = Debug|Any CPU
		{F56224B2-DC52-4EAE-AAB5-E4CC31C1F49E}.Debug|Any CPU.Build.0 = Debug|Any CPU
		{F56224B2-DC52-4EAE-AAB5-E4CC31C1F49E}.Release|Any CPU.ActiveCfg = Release|Any CPU
		{F56224B2-DC52-4EAE-AAB5-E4CC31C1F49E}.Release|Any CPU.Build.0 = Release|Any CPU
		{DD587FDC-BC0A-486F-903A-EB08ACA95D1F}.Debug|Any CPU.ActiveCfg = Debug|Any CPU
		{DD587FDC-BC0A-486F-903A-EB08ACA95D1F}.Debug|Any CPU.Build.0 = Debug|Any CPU
		{DD587FDC-BC0A-486F-903A-EB08ACA95D1F}.Release|Any CPU.ActiveCfg = Release|Any CPU
		{DD587FDC-BC0A-486F-903A-EB08ACA95D1F}.Release|Any CPU.Build.0 = Release|Any CPU
		{DF6D8FAF-7768-4D87-A62A-7E7F4A1A0F83}.Debug|Any CPU.ActiveCfg = Debug|Any CPU
		{DF6D8FAF-7768-4D87-A62A-7E7F4A1A0F83}.Debug|Any CPU.Build.0 = Debug|Any CPU
		{DF6D8FAF-7768-4D87-A62A-7E7F4A1A0F83}.Release|Any CPU.ActiveCfg = Release|Any CPU
		{DF6D8FAF-7768-4D87-A62A-7E7F4A1A0F83}.Release|Any CPU.Build.0 = Release|Any CPU
		{6DD06CE0-ACC3-408E-B032-90783C9A20A2}.Debug|Any CPU.ActiveCfg = Debug|Any CPU
		{6DD06CE0-ACC3-408E-B032-90783C9A20A2}.Debug|Any CPU.Build.0 = Debug|Any CPU
		{6DD06CE0-ACC3-408E-B032-90783C9A20A2}.Release|Any CPU.ActiveCfg = Release|Any CPU
		{6DD06CE0-ACC3-408E-B032-90783C9A20A2}.Release|Any CPU.Build.0 = Release|Any CPU
		{EF475DD3-BC12-48E4-9CEC-3DB1B571AE85}.Debug|Any CPU.ActiveCfg = Debug|Any CPU
		{EF475DD3-BC12-48E4-9CEC-3DB1B571AE85}.Debug|Any CPU.Build.0 = Debug|Any CPU
		{EF475DD3-BC12-48E4-9CEC-3DB1B571AE85}.Release|Any CPU.ActiveCfg = Release|Any CPU
		{EF475DD3-BC12-48E4-9CEC-3DB1B571AE85}.Release|Any CPU.Build.0 = Release|Any CPU
		{9F664EBE-59CC-4463-A0D6-C00F04283D0E}.Debug|Any CPU.ActiveCfg = Debug|Any CPU
		{9F664EBE-59CC-4463-A0D6-C00F04283D0E}.Debug|Any CPU.Build.0 = Debug|Any CPU
		{9F664EBE-59CC-4463-A0D6-C00F04283D0E}.Release|Any CPU.ActiveCfg = Release|Any CPU
		{9F664EBE-59CC-4463-A0D6-C00F04283D0E}.Release|Any CPU.Build.0 = Release|Any CPU
	EndGlobalSection
	GlobalSection(SolutionProperties) = preSolution
		HideSolutionNode = FALSE
	EndGlobalSection
	GlobalSection(NestedProjects) = preSolution
		{35346F09-1D95-4FE3-871F-8EE0E2ECA4E9} = {44B999C3-4635-477B-932D-1270FE8B9ECA}
		{CDCF7461-12BC-4166-936C-A8A460435398} = {44B999C3-4635-477B-932D-1270FE8B9ECA}
		{4794B69E-1B70-455E-A091-474D8061B87F} = {44B999C3-4635-477B-932D-1270FE8B9ECA}
		{AAFB9607-8FC9-44B6-BE09-3DCC8825E123} = {0181DAD4-781C-420A-A79C-79DDF6789B67}
		{A246AE16-25CD-4FBC-AD2C-FDFE91435F3D} = {0181DAD4-781C-420A-A79C-79DDF6789B67}
		{BA077D6B-AFAF-49D6-935A-B552822BF380} = {76803B98-FD00-4606-8C8D-A4C877FF450C}
		{16D56E66-9B1C-4517-923E-A95ABBA730AF} = {76803B98-FD00-4606-8C8D-A4C877FF450C}
		{F1B4668D-D2A1-4CE4-9EBC-4F8FB9B6FED5} = {76803B98-FD00-4606-8C8D-A4C877FF450C}
		{6094A0C1-9B71-43B8-8D50-6D98177E0713} = {9FAE03F9-C748-484C-95EC-BF89C0C858DC}
		{F423195F-0F50-4A5F-BFD3-5056EFDF1807} = {86B55E3C-BD52-4C6A-A915-74DB50EF8B96}
		{EDF3D5FE-534E-47BD-B583-2501D82400C2} = {3250F341-5A61-4032-85B0-872E0F1ACC96}
		{A867F6F4-91E3-4051-9C40-DFC228C06CEE} = {3250F341-5A61-4032-85B0-872E0F1ACC96}
		{4A94808F-DE46-4EE1-B15A-B78EFB90A9ED} = {3250F341-5A61-4032-85B0-872E0F1ACC96}
		{10CC2A3D-DEBB-4381-8475-CB959FA9E322} = {76803B98-FD00-4606-8C8D-A4C877FF450C}
		{E6FDD1E5-FA23-49ED-915F-12D98438F393} = {4C619A79-F062-4927-8E0C-3FF0D6F041E8}
		{92D23409-E458-488F-B82F-CB48C27D3745} = {4C619A79-F062-4927-8E0C-3FF0D6F041E8}
		{DF0BB941-29AE-40B1-8092-AD6A13175D5B} = {F7CA10CB-6BFE-43EE-A334-12E3BA38BFBC}
		{6EE2C0D3-B71B-41A3-8F9E-0F692B4DA4F0} = {4C619A79-F062-4927-8E0C-3FF0D6F041E8}
		{DEE574D6-F2EC-400B-A679-DC72FC301173} = {F7CA10CB-6BFE-43EE-A334-12E3BA38BFBC}
		{58ACE4C1-1482-49C4-A266-E4E97509C422} = {F7CA10CB-6BFE-43EE-A334-12E3BA38BFBC}
		{E9ABD5EB-9D1B-4A0F-8B42-9BED07BAB080} = {4C619A79-F062-4927-8E0C-3FF0D6F041E8}
		{3CC58F7D-AB8E-4193-849D-37B63BEC047C} = {A45B8408-B9B1-4415-8649-09C71A9AF95D}
		{80E14248-CD74-4191-80CB-BA6ABCAC5BF6} = {A45B8408-B9B1-4415-8649-09C71A9AF95D}
		{6D113721-B1DE-4A12-ABB1-F7014BF09F6B} = {A45B8408-B9B1-4415-8649-09C71A9AF95D}
		{FC143F7C-77AD-402A-94E0-83724643DFCC} = {A45B8408-B9B1-4415-8649-09C71A9AF95D}
		{3AA12ED5-359C-4138-AD8A-35D314A2C094} = {F7CA10CB-6BFE-43EE-A334-12E3BA38BFBC}
		{F5ECDC6E-342F-497C-8A14-527CDDF64F42} = {F7CA10CB-6BFE-43EE-A334-12E3BA38BFBC}
		{F56224B2-DC52-4EAE-AAB5-E4CC31C1F49E} = {4C619A79-F062-4927-8E0C-3FF0D6F041E8}
		{DD587FDC-BC0A-486F-903A-EB08ACA95D1F} = {4C619A79-F062-4927-8E0C-3FF0D6F041E8}
		{DF6D8FAF-7768-4D87-A62A-7E7F4A1A0F83} = {4C619A79-F062-4927-8E0C-3FF0D6F041E8}
		{6DD06CE0-ACC3-408E-B032-90783C9A20A2} = {17A9F4DB-038C-4181-96DE-69E459BD8595}
		{EF475DD3-BC12-48E4-9CEC-3DB1B571AE85} = {17A9F4DB-038C-4181-96DE-69E459BD8595}
		{9F664EBE-59CC-4463-A0D6-C00F04283D0E} = {17A9F4DB-038C-4181-96DE-69E459BD8595}
	EndGlobalSection
	GlobalSection(ExtensibilityGlobals) = postSolution
		SolutionGuid = {1D18CD73-B9D3-4E71-A650-66F4C1737077}
	EndGlobalSection
EndGlobal
