
Microsoft Visual Studio Solution File, Format Version 12.00
# Visual Studio 15
VisualStudioVersion = 15.0.28307.329
MinimumVisualStudioVersion = 10.0.40219.1
Project("{FAE04EC0-301F-11D3-BF4B-00C04F79EFBC}") = "Save the Humans", "Save the Humans\Save the Humans.csproj", "{35346F09-1D95-4FE3-871F-8EE0E2ECA4E9}"
EndProject
Project("{FAE04EC0-301F-11D3-BF4B-00C04F79EFBC}") = "Chapter2Project", "Chapter2Project\Chapter2Project.csproj", "{1272F745-57CC-4A7C-8AA6-1C6C753AF5EB}"
EndProject
Project("{FAE04EC0-301F-11D3-BF4B-00C04F79EFBC}") = "Chapter2IfElsePractice", "Chapter2IfElsePractice\Chapter2IfElsePractice.csproj", "{CDCF7461-12BC-4166-936C-A8A460435398}"
EndProject
Project("{FAE04EC0-301F-11D3-BF4B-00C04F79EFBC}") = "Chapter2Example3", "Chapter2Example3\Chapter2Example3.csproj", "{9F1BB812-D704-4169-A762-B4C39212ACAE}"
EndProject
Project("{FAE04EC0-301F-11D3-BF4B-00C04F79EFBC}") = "Chapter2_AnimatingWinFormsApps", "Chapter2_AnimatingWinFormsApps\Chapter2_AnimatingWinFormsApps.csproj", "{4794B69E-1B70-455E-A091-474D8061B87F}"
EndProject
Project("{FAE04EC0-301F-11D3-BF4B-00C04F79EFBC}") = "Chapter3_example1", "Chapter3_example1\Chapter3_example1.csproj", "{AAFB9607-8FC9-44B6-BE09-3DCC8825E123}"
EndProject
Project("{FAE04EC0-301F-11D3-BF4B-00C04F79EFBC}") = "Chapter3_Guys", "Chapter3_Guys\Chapter3_Guys.csproj", "{A246AE16-25CD-4FBC-AD2C-FDFE91435F3D}"
EndProject
Project("{2150E333-8FDC-42A3-9474-1A3956D46DE8}") = "Solution Items", "Solution Items", "{819F4F5D-EFC7-433E-B06B-515FC1665ACC}"
	ProjectSection(SolutionItems) = preProject
		README.md = README.md
	EndProjectSection
EndProject
Project("{2150E333-8FDC-42A3-9474-1A3956D46DE8}") = "Chapter 4", "Chapter 4", "{76803B98-FD00-4606-8C8D-A4C877FF450C}"
EndProject
Project("{FAE04EC0-301F-11D3-BF4B-00C04F79EFBC}") = "CastingExample", "CastingExample\CastingExample.csproj", "{BA077D6B-AFAF-49D6-935A-B552822BF380}"
EndProject
Project("{FAE04EC0-301F-11D3-BF4B-00C04F79EFBC}") = "Reimbursement calculator", "Reimbursement calculator\Reimbursement calculator.csproj", "{16D56E66-9B1C-4517-923E-A95ABBA730AF}"
EndProject
Project("{2150E333-8FDC-42A3-9474-1A3956D46DE8}") = "Chapter 3", "Chapter 3", "{0181DAD4-781C-420A-A79C-79DDF6789B67}"
EndProject
Project("{2150E333-8FDC-42A3-9474-1A3956D46DE8}") = "Chapter 2", "Chapter 2", "{44B999C3-4635-477B-932D-1270FE8B9ECA}"
EndProject
Global
	GlobalSection(SolutionConfigurationPlatforms) = preSolution
		Debug|Any CPU = Debug|Any CPU
		Release|Any CPU = Release|Any CPU
	EndGlobalSection
	GlobalSection(ProjectConfigurationPlatforms) = postSolution
		{35346F09-1D95-4FE3-871F-8EE0E2ECA4E9}.Debug|Any CPU.ActiveCfg = Debug|Any CPU
		{35346F09-1D95-4FE3-871F-8EE0E2ECA4E9}.Debug|Any CPU.Build.0 = Debug|Any CPU
		{35346F09-1D95-4FE3-871F-8EE0E2ECA4E9}.Release|Any CPU.ActiveCfg = Release|Any CPU
		{35346F09-1D95-4FE3-871F-8EE0E2ECA4E9}.Release|Any CPU.Build.0 = Release|Any CPU
		{1272F745-57CC-4A7C-8AA6-1C6C753AF5EB}.Debug|Any CPU.ActiveCfg = Debug|Any CPU
		{1272F745-57CC-4A7C-8AA6-1C6C753AF5EB}.Debug|Any CPU.Build.0 = Debug|Any CPU
		{1272F745-57CC-4A7C-8AA6-1C6C753AF5EB}.Release|Any CPU.ActiveCfg = Release|Any CPU
		{1272F745-57CC-4A7C-8AA6-1C6C753AF5EB}.Release|Any CPU.Build.0 = Release|Any CPU
		{CDCF7461-12BC-4166-936C-A8A460435398}.Debug|Any CPU.ActiveCfg = Debug|Any CPU
		{CDCF7461-12BC-4166-936C-A8A460435398}.Debug|Any CPU.Build.0 = Debug|Any CPU
		{CDCF7461-12BC-4166-936C-A8A460435398}.Release|Any CPU.ActiveCfg = Release|Any CPU
		{CDCF7461-12BC-4166-936C-A8A460435398}.Release|Any CPU.Build.0 = Release|Any CPU
		{9F1BB812-D704-4169-A762-B4C39212ACAE}.Debug|Any CPU.ActiveCfg = Debug|Any CPU
		{9F1BB812-D704-4169-A762-B4C39212ACAE}.Debug|Any CPU.Build.0 = Debug|Any CPU
		{9F1BB812-D704-4169-A762-B4C39212ACAE}.Release|Any CPU.ActiveCfg = Release|Any CPU
		{9F1BB812-D704-4169-A762-B4C39212ACAE}.Release|Any CPU.Build.0 = Release|Any CPU
		{4794B69E-1B70-455E-A091-474D8061B87F}.Debug|Any CPU.ActiveCfg = Debug|Any CPU
		{4794B69E-1B70-455E-A091-474D8061B87F}.Debug|Any CPU.Build.0 = Debug|Any CPU
		{4794B69E-1B70-455E-A091-474D8061B87F}.Release|Any CPU.ActiveCfg = Release|Any CPU
		{4794B69E-1B70-455E-A091-474D8061B87F}.Release|Any CPU.Build.0 = Release|Any CPU
		{AAFB9607-8FC9-44B6-BE09-3DCC8825E123}.Debug|Any CPU.ActiveCfg = Debug|Any CPU
		{AAFB9607-8FC9-44B6-BE09-3DCC8825E123}.Debug|Any CPU.Build.0 = Debug|Any CPU
		{AAFB9607-8FC9-44B6-BE09-3DCC8825E123}.Release|Any CPU.ActiveCfg = Release|Any CPU
		{AAFB9607-8FC9-44B6-BE09-3DCC8825E123}.Release|Any CPU.Build.0 = Release|Any CPU
		{A246AE16-25CD-4FBC-AD2C-FDFE91435F3D}.Debug|Any CPU.ActiveCfg = Debug|Any CPU
		{A246AE16-25CD-4FBC-AD2C-FDFE91435F3D}.Debug|Any CPU.Build.0 = Debug|Any CPU
		{A246AE16-25CD-4FBC-AD2C-FDFE91435F3D}.Release|Any CPU.ActiveCfg = Release|Any CPU
		{A246AE16-25CD-4FBC-AD2C-FDFE91435F3D}.Release|Any CPU.Build.0 = Release|Any CPU
		{BA077D6B-AFAF-49D6-935A-B552822BF380}.Debug|Any CPU.ActiveCfg = Debug|Any CPU
		{BA077D6B-AFAF-49D6-935A-B552822BF380}.Debug|Any CPU.Build.0 = Debug|Any CPU
		{BA077D6B-AFAF-49D6-935A-B552822BF380}.Release|Any CPU.ActiveCfg = Release|Any CPU
		{BA077D6B-AFAF-49D6-935A-B552822BF380}.Release|Any CPU.Build.0 = Release|Any CPU
		{16D56E66-9B1C-4517-923E-A95ABBA730AF}.Debug|Any CPU.ActiveCfg = Debug|Any CPU
		{16D56E66-9B1C-4517-923E-A95ABBA730AF}.Debug|Any CPU.Build.0 = Debug|Any CPU
		{16D56E66-9B1C-4517-923E-A95ABBA730AF}.Release|Any CPU.ActiveCfg = Release|Any CPU
		{16D56E66-9B1C-4517-923E-A95ABBA730AF}.Release|Any CPU.Build.0 = Release|Any CPU
	EndGlobalSection
	GlobalSection(SolutionProperties) = preSolution
		HideSolutionNode = FALSE
	EndGlobalSection
	GlobalSection(NestedProjects) = preSolution
		{35346F09-1D95-4FE3-871F-8EE0E2ECA4E9} = {44B999C3-4635-477B-932D-1270FE8B9ECA}
		{1272F745-57CC-4A7C-8AA6-1C6C753AF5EB} = {44B999C3-4635-477B-932D-1270FE8B9ECA}
		{CDCF7461-12BC-4166-936C-A8A460435398} = {44B999C3-4635-477B-932D-1270FE8B9ECA}
		{9F1BB812-D704-4169-A762-B4C39212ACAE} = {44B999C3-4635-477B-932D-1270FE8B9ECA}
		{4794B69E-1B70-455E-A091-474D8061B87F} = {44B999C3-4635-477B-932D-1270FE8B9ECA}
		{AAFB9607-8FC9-44B6-BE09-3DCC8825E123} = {0181DAD4-781C-420A-A79C-79DDF6789B67}
		{A246AE16-25CD-4FBC-AD2C-FDFE91435F3D} = {0181DAD4-781C-420A-A79C-79DDF6789B67}
		{BA077D6B-AFAF-49D6-935A-B552822BF380} = {76803B98-FD00-4606-8C8D-A4C877FF450C}
		{16D56E66-9B1C-4517-923E-A95ABBA730AF} = {76803B98-FD00-4606-8C8D-A4C877FF450C}
	EndGlobalSection
	GlobalSection(ExtensibilityGlobals) = postSolution
		SolutionGuid = {1D18CD73-B9D3-4E71-A650-66F4C1737077}
	EndGlobalSection
EndGlobal
